
Microsoft Visual Studio Solution File, Format Version 12.00
# Visual Studio Version 17
VisualStudioVersion = 17.4.33213.308
MinimumVisualStudioVersion = 10.0.40219.1
Project("{FAE04EC0-301F-11D3-BF4B-00C04F79EFBC}") = "CustomMiddleWareDemo", "CustomMiddleWareDemo\CustomMiddleWareDemo.csproj", "{114DAEB3-4257-4874-984C-EAB51F205E3B}"
EndProject
Global
	GlobalSection(SolutionConfigurationPlatforms) = preSolution
		Debug|Any CPU = Debug|Any CPU
		Release|Any CPU = Release|Any CPU
	EndGlobalSection
	GlobalSection(ProjectConfigurationPlatforms) = postSolution
		{114DAEB3-4257-4874-984C-EAB51F205E3B}.Debug|Any CPU.ActiveCfg = Debug|Any CPU
		{114DAEB3-4257-4874-984C-EAB51F205E3B}.Debug|Any CPU.Build.0 = Debug|Any CPU
		{114DAEB3-4257-4874-984C-EAB51F205E3B}.Release|Any CPU.ActiveCfg = Release|Any CPU
		{114DAEB3-4257-4874-984C-EAB51F205E3B}.Release|Any CPU.Build.0 = Release|Any CPU
	EndGlobalSection
	GlobalSection(SolutionProperties) = preSolution
		HideSolutionNode = FALSE
	EndGlobalSection
	GlobalSection(ExtensibilityGlobals) = postSolution
		SolutionGuid = {F42C3EFC-EAEF-424C-9D87-A4024FC096E8}
	EndGlobalSection
EndGlobal
