
Microsoft Visual Studio Solution File, Format Version 12.00
# Visual Studio Version 17
VisualStudioVersion = 17.4.33205.214
MinimumVisualStudioVersion = 10.0.40219.1
Project("{FAE04EC0-301F-11D3-BF4B-00C04F79EFBC}") = "Logging", "Logging\Logging.csproj", "{115424FB-41BE-4BB9-BD45-903BCBFA7E55}"
EndProject
Global
	GlobalSection(SolutionConfigurationPlatforms) = preSolution
		Debug|Any CPU = Debug|Any CPU
		Release|Any CPU = Release|Any CPU
	EndGlobalSection
	GlobalSection(ProjectConfigurationPlatforms) = postSolution
		{115424FB-41BE-4BB9-BD45-903BCBFA7E55}.Debug|Any CPU.ActiveCfg = Debug|Any CPU
		{115424FB-41BE-4BB9-BD45-903BCBFA7E55}.Debug|Any CPU.Build.0 = Debug|Any CPU
		{115424FB-41BE-4BB9-BD45-903BCBFA7E55}.Release|Any CPU.ActiveCfg = Release|Any CPU
		{115424FB-41BE-4BB9-BD45-903BCBFA7E55}.Release|Any CPU.Build.0 = Release|Any CPU
	EndGlobalSection
	GlobalSection(SolutionProperties) = preSolution
		HideSolutionNode = FALSE
	EndGlobalSection
	GlobalSection(ExtensibilityGlobals) = postSolution
		SolutionGuid = {10A582A7-B26C-4312-9F40-9F2F90B29647}
	EndGlobalSection
EndGlobal
